// !$*UTF8*$!
{
	archiveVersion = 1;
	classes = {
	};
	objectVersion = 46;
	objects = {

/* Begin PBXBuildFile section */
		C7438D0B202948350021406F /* main.m in Sources */ = {isa = PBXBuildFile; fileRef = C7438D0A202948350021406F /* main.m */; };
		C7438D0E202948350021406F /* AppDelegate.m in Sources */ = {isa = PBXBuildFile; fileRef = C7438D0D202948350021406F /* AppDelegate.m */; };
		C7438D11202948350021406F /* ViewController.m in Sources */ = {isa = PBXBuildFile; fileRef = C7438D10202948350021406F /* ViewController.m */; };
		C7438D14202948350021406F /* Main.storyboard in Resources */ = {isa = PBXBuildFile; fileRef = C7438D12202948350021406F /* Main.storyboard */; };
		C7438D16202948350021406F /* Assets.xcassets in Resources */ = {isa = PBXBuildFile; fileRef = C7438D15202948350021406F /* Assets.xcassets */; };
		C7438D19202948350021406F /* LaunchScreen.storyboard in Resources */ = {isa = PBXBuildFile; fileRef = C7438D17202948350021406F /* LaunchScreen.storyboard */; };
		C7438D24202948350021406F /* ZYExpandableTextCellDemoTests.m in Sources */ = {isa = PBXBuildFile; fileRef = C7438D23202948350021406F /* ZYExpandableTextCellDemoTests.m */; };
		C7438D2F202948360021406F /* ZYExpandableTextCellDemoUITests.m in Sources */ = {isa = PBXBuildFile; fileRef = C7438D2E202948360021406F /* ZYExpandableTextCellDemoUITests.m */; };
/* End PBXBuildFile section */

/* Begin PBXContainerItemProxy section */
		C7438D20202948350021406F /* PBXContainerItemProxy */ = {
			isa = PBXContainerItemProxy;
			containerPortal = C7438CFE202948350021406F /* Project object */;
			proxyType = 1;
			remoteGlobalIDString = C7438D05202948350021406F;
			remoteInfo = ZYExpandableTextCellDemo;
		};
		C7438D2B202948360021406F /* PBXContainerItemProxy */ = {
			isa = PBXContainerItemProxy;
			containerPortal = C7438CFE202948350021406F /* Project object */;
			proxyType = 1;
			remoteGlobalIDString = C7438D05202948350021406F;
			remoteInfo = ZYExpandableTextCellDemo;
		};
/* End PBXContainerItemProxy section */

/* Begin PBXFileReference section */
		C7438D06202948350021406F /* ZYExpandableTextCellDemo.app */ = {isa = PBXFileReference; explicitFileType = wrapper.application; includeInIndex = 0; path = ZYExpandableTextCellDemo.app; sourceTree = BUILT_PRODUCTS_DIR; };
		C7438D0A202948350021406F /* main.m */ = {isa = PBXFileReference; lastKnownFileType = sourcecode.c.objc; path = main.m; sourceTree = "<group>"; };
		C7438D0C202948350021406F /* AppDelegate.h */ = {isa = PBXFileReference; lastKnownFileType = sourcecode.c.h; path = AppDelegate.h; sourceTree = "<group>"; };
		C7438D0D202948350021406F /* AppDelegate.m */ = {isa = PBXFileReference; lastKnownFileType = sourcecode.c.objc; path = AppDelegate.m; sourceTree = "<group>"; };
		C7438D0F202948350021406F /* ViewController.h */ = {isa = PBXFileReference; lastKnownFileType = sourcecode.c.h; path = ViewController.h; sourceTree = "<group>"; };
		C7438D10202948350021406F /* ViewController.m */ = {isa = PBXFileReference; lastKnownFileType = sourcecode.c.objc; path = ViewController.m; sourceTree = "<group>"; };
		C7438D13202948350021406F /* Base */ = {isa = PBXFileReference; lastKnownFileType = file.storyboard; name = Base; path = Base.lproj/Main.storyboard; sourceTree = "<group>"; };
		C7438D15202948350021406F /* Assets.xcassets */ = {isa = PBXFileReference; lastKnownFileType = folder.assetcatalog; path = Assets.xcassets; sourceTree = "<group>"; };
		C7438D18202948350021406F /* Base */ = {isa = PBXFileReference; lastKnownFileType = file.storyboard; name = Base; path = Base.lproj/LaunchScreen.storyboard; sourceTree = "<group>"; };
		C7438D1A202948350021406F /* Info.plist */ = {isa = PBXFileReference; lastKnownFileType = text.plist.xml; path = Info.plist; sourceTree = "<group>"; };
		C7438D1F202948350021406F /* ZYExpandableTextCellDemoTests.xctest */ = {isa = PBXFileReference; explicitFileType = wrapper.cfbundle; includeInIndex = 0; path = ZYExpandableTextCellDemoTests.xctest; sourceTree = BUILT_PRODUCTS_DIR; };
		C7438D23202948350021406F /* ZYExpandableTextCellDemoTests.m */ = {isa = PBXFileReference; lastKnownFileType = sourcecode.c.objc; path = ZYExpandableTextCellDemoTests.m; sourceTree = "<group>"; };
		C7438D25202948350021406F /* Info.plist */ = {isa = PBXFileReference; lastKnownFileType = text.plist.xml; path = Info.plist; sourceTree = "<group>"; };
		C7438D2A202948360021406F /* ZYExpandableTextCellDemoUITests.xctest */ = {isa = PBXFileReference; explicitFileType = wrapper.cfbundle; includeInIndex = 0; path = ZYExpandableTextCellDemoUITests.xctest; sourceTree = BUILT_PRODUCTS_DIR; };
		C7438D2E202948360021406F /* ZYExpandableTextCellDemoUITests.m */ = {isa = PBXFileReference; lastKnownFileType = sourcecode.c.objc; path = ZYExpandableTextCellDemoUITests.m; sourceTree = "<group>"; };
		C7438D30202948360021406F /* Info.plist */ = {isa = PBXFileReference; lastKnownFileType = text.plist.xml; path = Info.plist; sourceTree = "<group>"; };
/* End PBXFileReference section */

/* Begin PBXFrameworksBuildPhase section */
		C7438D03202948350021406F /* Frameworks */ = {
			isa = PBXFrameworksBuildPhase;
			buildActionMask = 2147483647;
			files = (
			);
			runOnlyForDeploymentPostprocessing = 0;
		};
		C7438D1C202948350021406F /* Frameworks */ = {
			isa = PBXFrameworksBuildPhase;
			buildActionMask = 2147483647;
			files = (
			);
			runOnlyForDeploymentPostprocessing = 0;
		};
		C7438D27202948350021406F /* Frameworks */ = {
			isa = PBXFrameworksBuildPhase;
			buildActionMask = 2147483647;
			files = (
			);
			runOnlyForDeploymentPostprocessing = 0;
		};
/* End PBXFrameworksBuildPhase section */

/* Begin PBXGroup section */
		C7438CFD202948350021406F = {
			isa = PBXGroup;
			children = (
				C7438D08202948350021406F /* ZYExpandableTextCellDemo */,
				C7438D22202948350021406F /* ZYExpandableTextCellDemoTests */,
				C7438D2D202948360021406F /* ZYExpandableTextCellDemoUITests */,
				C7438D07202948350021406F /* Products */,
			);
			sourceTree = "<group>";
		};
		C7438D07202948350021406F /* Products */ = {
			isa = PBXGroup;
			children = (
				C7438D06202948350021406F /* ZYExpandableTextCellDemo.app */,
				C7438D1F202948350021406F /* ZYExpandableTextCellDemoTests.xctest */,
				C7438D2A202948360021406F /* ZYExpandableTextCellDemoUITests.xctest */,
			);
			name = Products;
			sourceTree = "<group>";
		};
		C7438D08202948350021406F /* ZYExpandableTextCellDemo */ = {
			isa = PBXGroup;
			children = (
				C7438D0C202948350021406F /* AppDelegate.h */,
				C7438D0D202948350021406F /* AppDelegate.m */,
				C7438D0F202948350021406F /* ViewController.h */,
				C7438D10202948350021406F /* ViewController.m */,
				C7438D12202948350021406F /* Main.storyboard */,
				C7438D15202948350021406F /* Assets.xcassets */,
				C7438D17202948350021406F /* LaunchScreen.storyboard */,
				C7438D1A202948350021406F /* Info.plist */,
				C7438D09202948350021406F /* Supporting Files */,
			);
			path = ZYExpandableTextCellDemo;
			sourceTree = "<group>";
		};
		C7438D09202948350021406F /* Supporting Files */ = {
			isa = PBXGroup;
			children = (
				C7438D0A202948350021406F /* main.m */,
			);
			name = "Supporting Files";
			sourceTree = "<group>";
		};
		C7438D22202948350021406F /* ZYExpandableTextCellDemoTests */ = {
			isa = PBXGroup;
			children = (
				C7438D23202948350021406F /* ZYExpandableTextCellDemoTests.m */,
				C7438D25202948350021406F /* Info.plist */,
			);
			path = ZYExpandableTextCellDemoTests;
			sourceTree = "<group>";
		};
		C7438D2D202948360021406F /* ZYExpandableTextCellDemoUITests */ = {
			isa = PBXGroup;
			children = (
				C7438D2E202948360021406F /* ZYExpandableTextCellDemoUITests.m */,
				C7438D30202948360021406F /* Info.plist */,
			);
			path = ZYExpandableTextCellDemoUITests;
			sourceTree = "<group>";
		};
/* End PBXGroup section */

/* Begin PBXNativeTarget section */
		C7438D05202948350021406F /* ZYExpandableTextCellDemo */ = {
			isa = PBXNativeTarget;
			buildConfigurationList = C7438D33202948360021406F /* Build configuration list for PBXNativeTarget "ZYExpandableTextCellDemo" */;
			buildPhases = (
				C7438D02202948350021406F /* Sources */,
				C7438D03202948350021406F /* Frameworks */,
				C7438D04202948350021406F /* Resources */,
			);
			buildRules = (
			);
			dependencies = (
			);
			name = ZYExpandableTextCellDemo;
			productName = ZYExpandableTextCellDemo;
			productReference = C7438D06202948350021406F /* ZYExpandableTextCellDemo.app */;
			productType = "com.apple.product-type.application";
		};
		C7438D1E202948350021406F /* ZYExpandableTextCellDemoTests */ = {
			isa = PBXNativeTarget;
			buildConfigurationList = C7438D36202948360021406F /* Build configuration list for PBXNativeTarget "ZYExpandableTextCellDemoTests" */;
			buildPhases = (
				C7438D1B202948350021406F /* Sources */,
				C7438D1C202948350021406F /* Frameworks */,
				C7438D1D202948350021406F /* Resources */,
			);
			buildRules = (
			);
			dependencies = (
				C7438D21202948350021406F /* PBXTargetDependency */,
			);
			name = ZYExpandableTextCellDemoTests;
			productName = ZYExpandableTextCellDemoTests;
			productReference = C7438D1F202948350021406F /* ZYExpandableTextCellDemoTests.xctest */;
			productType = "com.apple.product-type.bundle.unit-test";
		};
		C7438D29202948350021406F /* ZYExpandableTextCellDemoUITests */ = {
			isa = PBXNativeTarget;
			buildConfigurationList = C7438D39202948360021406F /* Build configuration list for PBXNativeTarget "ZYExpandableTextCellDemoUITests" */;
			buildPhases = (
				C7438D26202948350021406F /* Sources */,
				C7438D27202948350021406F /* Frameworks */,
				C7438D28202948350021406F /* Resources */,
			);
			buildRules = (
			);
			dependencies = (
				C7438D2C202948360021406F /* PBXTargetDependency */,
			);
			name = ZYExpandableTextCellDemoUITests;
			productName = ZYExpandableTextCellDemoUITests;
			productReference = C7438D2A202948360021406F /* ZYExpandableTextCellDemoUITests.xctest */;
			productType = "com.apple.product-type.bundle.ui-testing";
		};
/* End PBXNativeTarget section */

/* Begin PBXProject section */
		C7438CFE202948350021406F /* Project object */ = {
			isa = PBXProject;
			attributes = {
				LastUpgradeCheck = 0830;
				ORGANIZATIONNAME = "中商国际";
				TargetAttributes = {
					C7438D05202948350021406F = {
						CreatedOnToolsVersion = 8.3;
						DevelopmentTeam = Y767TWF284;
						ProvisioningStyle = Automatic;
					};
					C7438D1E202948350021406F = {
						CreatedOnToolsVersion = 8.3;
						DevelopmentTeam = Y767TWF284;
						ProvisioningStyle = Automatic;
						TestTargetID = C7438D05202948350021406F;
					};
					C7438D29202948350021406F = {
						CreatedOnToolsVersion = 8.3;
						DevelopmentTeam = Y767TWF284;
						ProvisioningStyle = Automatic;
						TestTargetID = C7438D05202948350021406F;
					};
				};
			};
			buildConfigurationList = C7438D01202948350021406F /* Build configuration list for PBXProject "ZYExpandableTextCellDemo" */;
			compatibilityVersion = "Xcode 3.2";
			developmentRegion = English;
			hasScannedForEncodings = 0;
			knownRegions = (
				en,
				Base,
			);
			mainGroup = C7438CFD202948350021406F;
			productRefGroup = C7438D07202948350021406F /* Products */;
			projectDirPath = "";
			projectRoot = "";
			targets = (
				C7438D05202948350021406F /* ZYExpandableTextCellDemo */,
				C7438D1E202948350021406F /* ZYExpandableTextCellDemoTests */,
				C7438D29202948350021406F /* ZYExpandableTextCellDemoUITests */,
			);
		};
/* End PBXProject section */

/* Begin PBXResourcesBuildPhase section */
		C7438D04202948350021406F /* Resources */ = {
			isa = PBXResourcesBuildPhase;
			buildActionMask = 2147483647;
			files = (
				C7438D19202948350021406F /* LaunchScreen.storyboard in Resources */,
				C7438D16202948350021406F /* Assets.xcassets in Resources */,
				C7438D14202948350021406F /* Main.storyboard in Resources */,
			);
			runOnlyForDeploymentPostprocessing = 0;
		};
		C7438D1D202948350021406F /* Resources */ = {
			isa = PBXResourcesBuildPhase;
			buildActionMask = 2147483647;
			files = (
			);
			runOnlyForDeploymentPostprocessing = 0;
		};
		C7438D28202948350021406F /* Resources */ = {
			isa = PBXResourcesBuildPhase;
			buildActionMask = 2147483647;
			files = (
			);
			runOnlyForDeploymentPostprocessing = 0;
		};
/* End PBXResourcesBuildPhase section */

/* Begin PBXSourcesBuildPhase section */
		C7438D02202948350021406F /* Sources */ = {
			isa = PBXSourcesBuildPhase;
			buildActionMask = 2147483647;
			files = (
				C7438D11202948350021406F /* ViewController.m in Sources */,
				C7438D0E202948350021406F /* AppDelegate.m in Sources */,
				C7438D0B202948350021406F /* main.m in Sources */,
			);
			runOnlyForDeploymentPostprocessing = 0;
		};
		C7438D1B202948350021406F /* Sources */ = {
			isa = PBXSourcesBuildPhase;
			buildActionMask = 2147483647;
			files = (
				C7438D24202948350021406F /* ZYExpandableTextCellDemoTests.m in Sources */,
			);
			runOnlyForDeploymentPostprocessing = 0;
		};
		C7438D26202948350021406F /* Sources */ = {
			isa = PBXSourcesBuildPhase;
			buildActionMask = 2147483647;
			files = (
				C7438D2F202948360021406F /* ZYExpandableTextCellDemoUITests.m in Sources */,
			);
			runOnlyForDeploymentPostprocessing = 0;
		};
/* End PBXSourcesBuildPhase section */

/* Begin PBXTargetDependency section */
		C7438D21202948350021406F /* PBXTargetDependency */ = {
			isa = PBXTargetDependency;
			target = C7438D05202948350021406F /* ZYExpandableTextCellDemo */;
			targetProxy = C7438D20202948350021406F /* PBXContainerItemProxy */;
		};
		C7438D2C202948360021406F /* PBXTargetDependency */ = {
			isa = PBXTargetDependency;
			target = C7438D05202948350021406F /* ZYExpandableTextCellDemo */;
			targetProxy = C7438D2B202948360021406F /* PBXContainerItemProxy */;
		};
/* End PBXTargetDependency section */

/* Begin PBXVariantGroup section */
		C7438D12202948350021406F /* Main.storyboard */ = {
			isa = PBXVariantGroup;
			children = (
				C7438D13202948350021406F /* Base */,
			);
			name = Main.storyboard;
			sourceTree = "<group>";
		};
		C7438D17202948350021406F /* LaunchScreen.storyboard */ = {
			isa = PBXVariantGroup;
			children = (
				C7438D18202948350021406F /* Base */,
			);
			name = LaunchScreen.storyboard;
			sourceTree = "<group>";
		};
/* End PBXVariantGroup section */

/* Begin XCBuildConfiguration section */
		C7438D31202948360021406F /* Debug */ = {
			isa = XCBuildConfiguration;
			buildSettings = {
				ALWAYS_SEARCH_USER_PATHS = NO;
				CLANG_ANALYZER_NONNULL = YES;
				CLANG_ANALYZER_NUMBER_OBJECT_CONVERSION = YES_AGGRESSIVE;
				CLANG_CXX_LANGUAGE_STANDARD = "gnu++0x";
				CLANG_CXX_LIBRARY = "libc++";
				CLANG_ENABLE_MODULES = YES;
				CLANG_ENABLE_OBJC_ARC = YES;
				CLANG_WARN_BOOL_CONVERSION = YES;
				CLANG_WARN_CONSTANT_CONVERSION = YES;
				CLANG_WARN_DIRECT_OBJC_ISA_USAGE = YES_ERROR;
				CLANG_WARN_DOCUMENTATION_COMMENTS = YES;
				CLANG_WARN_EMPTY_BODY = YES;
				CLANG_WARN_ENUM_CONVERSION = YES;
				CLANG_WARN_INFINITE_RECURSION = YES;
				CLANG_WARN_INT_CONVERSION = YES;
				CLANG_WARN_OBJC_ROOT_CLASS = YES_ERROR;
				CLANG_WARN_SUSPICIOUS_MOVE = YES;
				CLANG_WARN_UNREACHABLE_CODE = YES;
				CLANG_WARN__DUPLICATE_METHOD_MATCH = YES;
				"CODE_SIGN_IDENTITY[sdk=iphoneos*]" = "iPhone Developer";
				COPY_PHASE_STRIP = NO;
				DEBUG_INFORMATION_FORMAT = dwarf;
				ENABLE_STRICT_OBJC_MSGSEND = YES;
				ENABLE_TESTABILITY = YES;
				GCC_C_LANGUAGE_STANDARD = gnu99;
				GCC_DYNAMIC_NO_PIC = NO;
				GCC_NO_COMMON_BLOCKS = YES;
				GCC_OPTIMIZATION_LEVEL = 0;
				GCC_PREPROCESSOR_DEFINITIONS = (
					"DEBUG=1",
					"$(inherited)",
				);
				GCC_WARN_64_TO_32_BIT_CONVERSION = YES;
				GCC_WARN_ABOUT_RETURN_TYPE = YES_ERROR;
				GCC_WARN_UNDECLARED_SELECTOR = YES;
				GCC_WARN_UNINITIALIZED_AUTOS = YES_AGGRESSIVE;
				GCC_WARN_UNUSED_FUNCTION = YES;
				GCC_WARN_UNUSED_VARIABLE = YES;
				IPHONEOS_DEPLOYMENT_TARGET = 10.3;
				MTL_ENABLE_DEBUG_INFO = YES;
				ONLY_ACTIVE_ARCH = YES;
				SDKROOT = iphoneos;
				TARGETED_DEVICE_FAMILY = "1,2";
			};
			name = Debug;
		};
		C7438D32202948360021406F /* Release */ = {
			isa = XCBuildConfiguration;
			buildSettings = {
				ALWAYS_SEARCH_USER_PATHS = NO;
				CLANG_ANALYZER_NONNULL = YES;
				CLANG_ANALYZER_NUMBER_OBJECT_CONVERSION = YES_AGGRESSIVE;
				CLANG_CXX_LANGUAGE_STANDARD = "gnu++0x";
				CLANG_CXX_LIBRARY = "libc++";
				CLANG_ENABLE_MODULES = YES;
				CLANG_ENABLE_OBJC_ARC = YES;
				CLANG_WARN_BOOL_CONVERSION = YES;
				CLANG_WARN_CONSTANT_CONVERSION = YES;
				CLANG_WARN_DIRECT_OBJC_ISA_USAGE = YES_ERROR;
				CLANG_WARN_DOCUMENTATION_COMMENTS = YES;
				CLANG_WARN_EMPTY_BODY = YES;
				CLANG_WARN_ENUM_CONVERSION = YES;
				CLANG_WARN_INFINITE_RECURSION = YES;
				CLANG_WARN_INT_CONVERSION = YES;
				CLANG_WARN_OBJC_ROOT_CLASS = YES_ERROR;
				CLANG_WARN_SUSPICIOUS_MOVE = YES;
				CLANG_WARN_UNREACHABLE_CODE = YES;
				CLANG_WARN__DUPLICATE_METHOD_MATCH = YES;
				"CODE_SIGN_IDENTITY[sdk=iphoneos*]" = "iPhone Developer";
				COPY_PHASE_STRIP = NO;
				DEBUG_INFORMATION_FORMAT = "dwarf-with-dsym";
				ENABLE_NS_ASSERTIONS = NO;
				ENABLE_STRICT_OBJC_MSGSEND = YES;
				GCC_C_LANGUAGE_STANDARD = gnu99;
				GCC_NO_COMMON_BLOCKS = YES;
				GCC_WARN_64_TO_32_BIT_CONVERSION = YES;
				GCC_WARN_ABOUT_RETURN_TYPE = YES_ERROR;
				GCC_WARN_UNDECLARED_SELECTOR = YES;
				GCC_WARN_UNINITIALIZED_AUTOS = YES_AGGRESSIVE;
				GCC_WARN_UNUSED_FUNCTION = YES;
				GCC_WARN_UNUSED_VARIABLE = YES;
				IPHONEOS_DEPLOYMENT_TARGET = 10.3;
				MTL_ENABLE_DEBUG_INFO = NO;
				SDKROOT = iphoneos;
				TARGETED_DEVICE_FAMILY = "1,2";
				VALIDATE_PRODUCT = YES;
			};
			name = Release;
		};
		C7438D34202948360021406F /* Debug */ = {
			isa = XCBuildConfiguration;
			buildSettings = {
				ASSETCATALOG_COMPILER_APPICON_NAME = AppIcon;
				DEVELOPMENT_TEAM = Y767TWF284;
				INFOPLIST_FILE = ZYExpandableTextCellDemo/Info.plist;
				LD_RUNPATH_SEARCH_PATHS = "$(inherited) @executable_path/Frameworks";
				PRODUCT_BUNDLE_IDENTIFIER = net.bjzsgj.TranscribeVideo.ZYExpandableTextCellDemo;
				PRODUCT_NAME = "$(TARGET_NAME)";
			};
			name = Debug;
		};
		C7438D35202948360021406F /* Release */ = {
			isa = XCBuildConfiguration;
			buildSettings = {
				ASSETCATALOG_COMPILER_APPICON_NAME = AppIcon;
				DEVELOPMENT_TEAM = Y767TWF284;
				INFOPLIST_FILE = ZYExpandableTextCellDemo/Info.plist;
				LD_RUNPATH_SEARCH_PATHS = "$(inherited) @executable_path/Frameworks";
				PRODUCT_BUNDLE_IDENTIFIER = net.bjzsgj.TranscribeVideo.ZYExpandableTextCellDemo;
				PRODUCT_NAME = "$(TARGET_NAME)";
			};
			name = Release;
		};
		C7438D37202948360021406F /* Debug */ = {
			isa = XCBuildConfiguration;
			buildSettings = {
				BUNDLE_LOADER = "$(TEST_HOST)";
				DEVELOPMENT_TEAM = Y767TWF284;
				INFOPLIST_FILE = ZYExpandableTextCellDemoTests/Info.plist;
				LD_RUNPATH_SEARCH_PATHS = "$(inherited) @executable_path/Frameworks @loader_path/Frameworks";
				PRODUCT_BUNDLE_IDENTIFIER = net.bjzsgj.TranscribeVideo.ZYExpandableTextCellDemoTests;
				PRODUCT_NAME = "$(TARGET_NAME)";
				TEST_HOST = "$(BUILT_PRODUCTS_DIR)/ZYExpandableTextCellDemo.app/ZYExpandableTextCellDemo";
			};
			name = Debug;
		};
		C7438D38202948360021406F /* Release */ = {
			isa = XCBuildConfiguration;
			buildSettings = {
				BUNDLE_LOADER = "$(TEST_HOST)";
				DEVELOPMENT_TEAM = Y767TWF284;
				INFOPLIST_FILE = ZYExpandableTextCellDemoTests/Info.plist;
				LD_RUNPATH_SEARCH_PATHS = "$(inherited) @executable_path/Frameworks @loader_path/Frameworks";
				PRODUCT_BUNDLE_IDENTIFIER = net.bjzsgj.TranscribeVideo.ZYExpandableTextCellDemoTests;
				PRODUCT_NAME = "$(TARGET_NAME)";
				TEST_HOST = "$(BUILT_PRODUCTS_DIR)/ZYExpandableTextCellDemo.app/ZYExpandableTextCellDemo";
			};
			name = Release;
		};
		C7438D3A202948360021406F /* Debug */ = {
			isa = XCBuildConfiguration;
			buildSettings = {
				DEVELOPMENT_TEAM = Y767TWF284;
				INFOPLIST_FILE = ZYExpandableTextCellDemoUITests/Info.plist;
				LD_RUNPATH_SEARCH_PATHS = "$(inherited) @executable_path/Frameworks @loader_path/Frameworks";
				PRODUCT_BUNDLE_IDENTIFIER = net.bjzsgj.TranscribeVideo.ZYExpandableTextCellDemoUITests;
				PRODUCT_NAME = "$(TARGET_NAME)";
				TEST_TARGET_NAME = ZYExpandableTextCellDemo;
			};
			name = Debug;
		};
		C7438D3B202948360021406F /* Release */ = {
			isa = XCBuildConfiguration;
			buildSettings = {
				DEVELOPMENT_TEAM = Y767TWF284;
				INFOPLIST_FILE = ZYExpandableTextCellDemoUITests/Info.plist;
				LD_RUNPATH_SEARCH_PATHS = "$(inherited) @executable_path/Frameworks @loader_path/Frameworks";
				PRODUCT_BUNDLE_IDENTIFIER = net.bjzsgj.TranscribeVideo.ZYExpandableTextCellDemoUITests;
				PRODUCT_NAME = "$(TARGET_NAME)";
				TEST_TARGET_NAME = ZYExpandableTextCellDemo;
			};
			name = Release;
		};
/* End XCBuildConfiguration section */

/* Begin XCConfigurationList section */
		C7438D01202948350021406F /* Build configuration list for PBXProject "ZYExpandableTextCellDemo" */ = {
			isa = XCConfigurationList;
			buildConfigurations = (
				C7438D31202948360021406F /* Debug */,
				C7438D32202948360021406F /* Release */,
			);
			defaultConfigurationIsVisible = 0;
			defaultConfigurationName = Release;
		};
		C7438D33202948360021406F /* Build configuration list for PBXNativeTarget "ZYExpandableTextCellDemo" */ = {
			isa = XCConfigurationList;
			buildConfigurations = (
				C7438D34202948360021406F /* Debug */,
				C7438D35202948360021406F /* Release */,
			);
			defaultConfigurationIsVisible = 0;
		};
		C7438D36202948360021406F /* Build configuration list for PBXNativeTarget "ZYExpandableTextCellDemoTests" */ = {
			isa = XCConfigurationList;
			buildConfigurations = (
				C7438D37202948360021406F /* Debug */,
				C7438D38202948360021406F /* Release */,
			);
			defaultConfigurationIsVisible = 0;
		};
		C7438D39202948360021406F /* Build configuration list for PBXNativeTarget "ZYExpandableTextCellDemoUITests" */ = {
			isa = XCConfigurationList;
			buildConfigurations = (
				C7438D3A202948360021406F /* Debug */,
				C7438D3B202948360021406F /* Release */,
			);
			defaultConfigurationIsVisible = 0;
		};
/* End XCConfigurationList section */
	};
	rootObject = C7438CFE202948350021406F /* Project object */;
}
